// !$*UTF8*$!
{
	archiveVersion = 1;
	classes = {
	};
	objectVersion = 46;
	objects = {

/* Begin PBXBuildFile section */
		200EDC4B1992ABC100C32649 /* AppDelegate.swift in Sources */ = {isa = PBXBuildFile; fileRef = 200EDC4A1992ABC100C32649 /* AppDelegate.swift */; };
		200EDC4D1992ABC100C32649 /* ViewController.swift in Sources */ = {isa = PBXBuildFile; fileRef = 200EDC4C1992ABC100C32649 /* ViewController.swift */; };
		200EDC501992ABC100C32649 /* Main.storyboard in Resources */ = {isa = PBXBuildFile; fileRef = 200EDC4E1992ABC100C32649 /* Main.storyboard */; };
		200EDC521992ABC100C32649 /* Images.xcassets in Resources */ = {isa = PBXBuildFile; fileRef = 200EDC511992ABC100C32649 /* Images.xcassets */; };
		200EDC5E1992ABC100C32649 /* OctothorpeTests.swift in Sources */ = {isa = PBXBuildFile; fileRef = 200EDC5D1992ABC100C32649 /* OctothorpeTests.swift */; };
		200EDC711992AD6700C32649 /* BoardView.swift in Sources */ = {isa = PBXBuildFile; fileRef = 200EDC681992AD6600C32649 /* BoardView.swift */; };
		200EDC731992AD6700C32649 /* DotView.swift in Sources */ = {isa = PBXBuildFile; fileRef = 200EDC6A1992AD6600C32649 /* DotView.swift */; };
		200EDC741992AD6700C32649 /* ArrowView.swift in Sources */ = {isa = PBXBuildFile; fileRef = 200EDC6B1992AD6600C32649 /* ArrowView.swift */; };
		200EDC751992AD6700C32649 /* Model.swift in Sources */ = {isa = PBXBuildFile; fileRef = 200EDC6C1992AD6600C32649 /* Model.swift */; };
		200EDC761992AD6700C32649 /* PlayerView.swift in Sources */ = {isa = PBXBuildFile; fileRef = 200EDC6D1992AD6600C32649 /* PlayerView.swift */; };
		200EDC771992AD6700C32649 /* TallyView.swift in Sources */ = {isa = PBXBuildFile; fileRef = 200EDC6E1992AD6600C32649 /* TallyView.swift */; };
		200EDC781992AD6700C32649 /* Utils.swift in Sources */ = {isa = PBXBuildFile; fileRef = 200EDC6F1992AD6700C32649 /* Utils.swift */; };
		200EDC7A1992C1E600C32649 /* Styles.swift in Sources */ = {isa = PBXBuildFile; fileRef = 200EDC791992C1E600C32649 /* Styles.swift */; };
/* End PBXBuildFile section */

/* Begin PBXContainerItemProxy section */
		200EDC581992ABC100C32649 /* PBXContainerItemProxy */ = {
			isa = PBXContainerItemProxy;
			containerPortal = 200EDC3D1992ABC100C32649 /* Project object */;
			proxyType = 1;
			remoteGlobalIDString = 200EDC441992ABC100C32649;
			remoteInfo = Octothorpe;
		};
/* End PBXContainerItemProxy section */

/* Begin PBXFileReference section */
		200EDC451992ABC100C32649 /* Octothorpe.app */ = {isa = PBXFileReference; explicitFileType = wrapper.application; includeInIndex = 0; path = Octothorpe.app; sourceTree = BUILT_PRODUCTS_DIR; };
		200EDC491992ABC100C32649 /* Info.plist */ = {isa = PBXFileReference; lastKnownFileType = text.plist.xml; path = Info.plist; sourceTree = "<group>"; };
		200EDC4A1992ABC100C32649 /* AppDelegate.swift */ = {isa = PBXFileReference; lastKnownFileType = sourcecode.swift; path = AppDelegate.swift; sourceTree = "<group>"; };
		200EDC4C1992ABC100C32649 /* ViewController.swift */ = {isa = PBXFileReference; lastKnownFileType = sourcecode.swift; path = ViewController.swift; sourceTree = "<group>"; };
		200EDC4F1992ABC100C32649 /* Base */ = {isa = PBXFileReference; lastKnownFileType = file.storyboard; name = Base; path = Base.lproj/Main.storyboard; sourceTree = "<group>"; };
		200EDC511992ABC100C32649 /* Images.xcassets */ = {isa = PBXFileReference; lastKnownFileType = folder.assetcatalog; path = Images.xcassets; sourceTree = "<group>"; };
		200EDC571992ABC100C32649 /* OctothorpeTests.xctest */ = {isa = PBXFileReference; explicitFileType = wrapper.cfbundle; includeInIndex = 0; path = OctothorpeTests.xctest; sourceTree = BUILT_PRODUCTS_DIR; };
		200EDC5C1992ABC100C32649 /* Info.plist */ = {isa = PBXFileReference; lastKnownFileType = text.plist.xml; path = Info.plist; sourceTree = "<group>"; };
		200EDC5D1992ABC100C32649 /* OctothorpeTests.swift */ = {isa = PBXFileReference; lastKnownFileType = sourcecode.swift; path = OctothorpeTests.swift; sourceTree = "<group>"; };
		200EDC681992AD6600C32649 /* BoardView.swift */ = {isa = PBXFileReference; fileEncoding = 4; lastKnownFileType = sourcecode.swift; path = BoardView.swift; sourceTree = "<group>"; };
		200EDC6A1992AD6600C32649 /* DotView.swift */ = {isa = PBXFileReference; fileEncoding = 4; lastKnownFileType = sourcecode.swift; path = DotView.swift; sourceTree = "<group>"; };
		200EDC6B1992AD6600C32649 /* ArrowView.swift */ = {isa = PBXFileReference; fileEncoding = 4; lastKnownFileType = sourcecode.swift; path = ArrowView.swift; sourceTree = "<group>"; };
		200EDC6C1992AD6600C32649 /* Model.swift */ = {isa = PBXFileReference; fileEncoding = 4; lastKnownFileType = sourcecode.swift; path = Model.swift; sourceTree = "<group>"; };
		200EDC6D1992AD6600C32649 /* PlayerView.swift */ = {isa = PBXFileReference; fileEncoding = 4; lastKnownFileType = sourcecode.swift; path = PlayerView.swift; sourceTree = "<group>"; };
		200EDC6E1992AD6600C32649 /* TallyView.swift */ = {isa = PBXFileReference; fileEncoding = 4; lastKnownFileType = sourcecode.swift; path = TallyView.swift; sourceTree = "<group>"; };
		200EDC6F1992AD6700C32649 /* Utils.swift */ = {isa = PBXFileReference; fileEncoding = 4; lastKnownFileType = sourcecode.swift; path = Utils.swift; sourceTree = "<group>"; };
		200EDC791992C1E600C32649 /* Styles.swift */ = {isa = PBXFileReference; fileEncoding = 4; lastKnownFileType = sourcecode.swift; path = Styles.swift; sourceTree = "<group>"; };
/* End PBXFileReference section */

/* Begin PBXFrameworksBuildPhase section */
		200EDC421992ABC100C32649 /* Frameworks */ = {
			isa = PBXFrameworksBuildPhase;
			buildActionMask = 2147483647;
			files = (
			);
			runOnlyForDeploymentPostprocessing = 0;
		};
		200EDC541992ABC100C32649 /* Frameworks */ = {
			isa = PBXFrameworksBuildPhase;
			buildActionMask = 2147483647;
			files = (
			);
			runOnlyForDeploymentPostprocessing = 0;
		};
/* End PBXFrameworksBuildPhase section */

/* Begin PBXGroup section */
		200EDC3C1992ABC100C32649 = {
			isa = PBXGroup;
			children = (
				200EDC471992ABC100C32649 /* Octothorpe */,
				200EDC5A1992ABC100C32649 /* OctothorpeTests */,
				200EDC461992ABC100C32649 /* Products */,
			);
			sourceTree = "<group>";
		};
		200EDC461992ABC100C32649 /* Products */ = {
			isa = PBXGroup;
			children = (
				200EDC451992ABC100C32649 /* Octothorpe.app */,
				200EDC571992ABC100C32649 /* OctothorpeTests.xctest */,
			);
			name = Products;
			sourceTree = "<group>";
		};
		200EDC471992ABC100C32649 /* Octothorpe */ = {
			isa = PBXGroup;
			children = (
				200EDC6C1992AD6600C32649 /* Model.swift */,
				200EDC4E1992ABC100C32649 /* Main.storyboard */,
				200EDC4C1992ABC100C32649 /* ViewController.swift */,
				200EDC681992AD6600C32649 /* BoardView.swift */,
				200EDC6A1992AD6600C32649 /* DotView.swift */,
				200EDC6D1992AD6600C32649 /* PlayerView.swift */,
				200EDC6E1992AD6600C32649 /* TallyView.swift */,
				200EDC6B1992AD6600C32649 /* ArrowView.swift */,
				200EDC791992C1E600C32649 /* Styles.swift */,
				200EDC6F1992AD6700C32649 /* Utils.swift */,
				200EDC4A1992ABC100C32649 /* AppDelegate.swift */,
				200EDC511992ABC100C32649 /* Images.xcassets */,
				200EDC481992ABC100C32649 /* Supporting Files */,
			);
			path = Octothorpe;
			sourceTree = "<group>";
		};
		200EDC481992ABC100C32649 /* Supporting Files */ = {
			isa = PBXGroup;
			children = (
				200EDC491992ABC100C32649 /* Info.plist */,
			);
			name = "Supporting Files";
			sourceTree = "<group>";
		};
		200EDC5A1992ABC100C32649 /* OctothorpeTests */ = {
			isa = PBXGroup;
			children = (
				200EDC5D1992ABC100C32649 /* OctothorpeTests.swift */,
				200EDC5B1992ABC100C32649 /* Supporting Files */,
			);
			path = OctothorpeTests;
			sourceTree = "<group>";
		};
		200EDC5B1992ABC100C32649 /* Supporting Files */ = {
			isa = PBXGroup;
			children = (
				200EDC5C1992ABC100C32649 /* Info.plist */,
			);
			name = "Supporting Files";
			sourceTree = "<group>";
		};
/* End PBXGroup section */

/* Begin PBXNativeTarget section */
		200EDC441992ABC100C32649 /* Octothorpe */ = {
			isa = PBXNativeTarget;
			buildConfigurationList = 200EDC611992ABC100C32649 /* Build configuration list for PBXNativeTarget "Octothorpe" */;
			buildPhases = (
				200EDC411992ABC100C32649 /* Sources */,
				200EDC421992ABC100C32649 /* Frameworks */,
				200EDC431992ABC100C32649 /* Resources */,
			);
			buildRules = (
			);
			dependencies = (
			);
			name = Octothorpe;
			productName = Octothorpe;
			productReference = 200EDC451992ABC100C32649 /* Octothorpe.app */;
			productType = "com.apple.product-type.application";
		};
		200EDC561992ABC100C32649 /* OctothorpeTests */ = {
			isa = PBXNativeTarget;
			buildConfigurationList = 200EDC641992ABC100C32649 /* Build configuration list for PBXNativeTarget "OctothorpeTests" */;
			buildPhases = (
				200EDC531992ABC100C32649 /* Sources */,
				200EDC541992ABC100C32649 /* Frameworks */,
				200EDC551992ABC100C32649 /* Resources */,
			);
			buildRules = (
			);
			dependencies = (
				200EDC591992ABC100C32649 /* PBXTargetDependency */,
			);
			name = OctothorpeTests;
			productName = OctothorpeTests;
			productReference = 200EDC571992ABC100C32649 /* OctothorpeTests.xctest */;
			productType = "com.apple.product-type.bundle.unit-test";
		};
/* End PBXNativeTarget section */

/* Begin PBXProject section */
		200EDC3D1992ABC100C32649 /* Project object */ = {
			isa = PBXProject;
			attributes = {
				LastUpgradeCheck = 0600;
				ORGANIZATIONNAME = "Amit D. Bansil";
				TargetAttributes = {
					200EDC441992ABC100C32649 = {
						CreatedOnToolsVersion = 6.0;
					};
					200EDC561992ABC100C32649 = {
						CreatedOnToolsVersion = 6.0;
						TestTargetID = 200EDC441992ABC100C32649;
					};
				};
			};
			buildConfigurationList = 200EDC401992ABC100C32649 /* Build configuration list for PBXProject "Octothorpe" */;
			compatibilityVersion = "Xcode 3.2";
			developmentRegion = English;
			hasScannedForEncodings = 0;
			knownRegions = (
				en,
				Base,
			);
			mainGroup = 200EDC3C1992ABC100C32649;
			productRefGroup = 200EDC461992ABC100C32649 /* Products */;
			projectDirPath = "";
			projectRoot = "";
			targets = (
				200EDC441992ABC100C32649 /* Octothorpe */,
				200EDC561992ABC100C32649 /* OctothorpeTests */,
			);
		};
/* End PBXProject section */

/* Begin PBXResourcesBuildPhase section */
		200EDC431992ABC100C32649 /* Resources */ = {
			isa = PBXResourcesBuildPhase;
			buildActionMask = 2147483647;
			files = (
				200EDC501992ABC100C32649 /* Main.storyboard in Resources */,
				200EDC521992ABC100C32649 /* Images.xcassets in Resources */,
			);
			runOnlyForDeploymentPostprocessing = 0;
		};
		200EDC551992ABC100C32649 /* Resources */ = {
			isa = PBXResourcesBuildPhase;
			buildActionMask = 2147483647;
			files = (
			);
			runOnlyForDeploymentPostprocessing = 0;
		};
/* End PBXResourcesBuildPhase section */

/* Begin PBXSourcesBuildPhase section */
		200EDC411992ABC100C32649 /* Sources */ = {
			isa = PBXSourcesBuildPhase;
			buildActionMask = 2147483647;
			files = (
				200EDC761992AD6700C32649 /* PlayerView.swift in Sources */,
				200EDC7A1992C1E600C32649 /* Styles.swift in Sources */,
				200EDC741992AD6700C32649 /* ArrowView.swift in Sources */,
				200EDC731992AD6700C32649 /* DotView.swift in Sources */,
				200EDC711992AD6700C32649 /* BoardView.swift in Sources */,
				200EDC4D1992ABC100C32649 /* ViewController.swift in Sources */,
				200EDC781992AD6700C32649 /* Utils.swift in Sources */,
				200EDC771992AD6700C32649 /* TallyView.swift in Sources */,
				200EDC4B1992ABC100C32649 /* AppDelegate.swift in Sources */,
				200EDC751992AD6700C32649 /* Model.swift in Sources */,
			);
			runOnlyForDeploymentPostprocessing = 0;
		};
		200EDC531992ABC100C32649 /* Sources */ = {
			isa = PBXSourcesBuildPhase;
			buildActionMask = 2147483647;
			files = (
				200EDC5E1992ABC100C32649 /* OctothorpeTests.swift in Sources */,
			);
			runOnlyForDeploymentPostprocessing = 0;
		};
/* End PBXSourcesBuildPhase section */

/* Begin PBXTargetDependency section */
		200EDC591992ABC100C32649 /* PBXTargetDependency */ = {
			isa = PBXTargetDependency;
			target = 200EDC441992ABC100C32649 /* Octothorpe */;
			targetProxy = 200EDC581992ABC100C32649 /* PBXContainerItemProxy */;
		};
/* End PBXTargetDependency section */

/* Begin PBXVariantGroup section */
		200EDC4E1992ABC100C32649 /* Main.storyboard */ = {
			isa = PBXVariantGroup;
			children = (
				200EDC4F1992ABC100C32649 /* Base */,
			);
			name = Main.storyboard;
			sourceTree = "<group>";
		};
/* End PBXVariantGroup section */

/* Begin XCBuildConfiguration section */
		200EDC5F1992ABC100C32649 /* Debug */ = {
			isa = XCBuildConfiguration;
			buildSettings = {
				ALWAYS_SEARCH_USER_PATHS = NO;
				CLANG_CXX_LANGUAGE_STANDARD = "gnu++0x";
				CLANG_CXX_LIBRARY = "libc++";
				CLANG_ENABLE_MODULES = YES;
				CLANG_ENABLE_OBJC_ARC = YES;
				CLANG_WARN_BOOL_CONVERSION = YES;
				CLANG_WARN_CONSTANT_CONVERSION = YES;
				CLANG_WARN_DIRECT_OBJC_ISA_USAGE = YES_ERROR;
				CLANG_WARN_EMPTY_BODY = YES;
				CLANG_WARN_ENUM_CONVERSION = YES;
				CLANG_WARN_INT_CONVERSION = YES;
				CLANG_WARN_OBJC_ROOT_CLASS = YES_ERROR;
				CLANG_WARN_UNREACHABLE_CODE = YES;
				CLANG_WARN__DUPLICATE_METHOD_MATCH = YES;
				"CODE_SIGN_IDENTITY[sdk=iphoneos*]" = "iPhone Developer";
				COPY_PHASE_STRIP = NO;
				ENABLE_STRICT_OBJC_MSGSEND = YES;
				GCC_C_LANGUAGE_STANDARD = gnu99;
				GCC_DYNAMIC_NO_PIC = NO;
				GCC_OPTIMIZATION_LEVEL = 0;
				GCC_PREPROCESSOR_DEFINITIONS = (
					"DEBUG=1",
					"$(inherited)",
				);
				GCC_SYMBOLS_PRIVATE_EXTERN = NO;
				GCC_WARN_64_TO_32_BIT_CONVERSION = YES;
				GCC_WARN_ABOUT_RETURN_TYPE = YES_ERROR;
				GCC_WARN_UNDECLARED_SELECTOR = YES;
				GCC_WARN_UNINITIALIZED_AUTOS = YES_AGGRESSIVE;
				GCC_WARN_UNUSED_FUNCTION = YES;
				GCC_WARN_UNUSED_VARIABLE = YES;
				IPHONEOS_DEPLOYMENT_TARGET = 8.0;
				MTL_ENABLE_DEBUG_INFO = YES;
				ONLY_ACTIVE_ARCH = YES;
				SDKROOT = iphoneos;
				SWIFT_OPTIMIZATION_LEVEL = "-Onone";
				TARGETED_DEVICE_FAMILY = "1,2";
			};
			name = Debug;
		};
		200EDC601992ABC100C32649 /* Release */ = {
			isa = XCBuildConfiguration;
			buildSettings = {
				ALWAYS_SEARCH_USER_PATHS = NO;
				CLANG_CXX_LANGUAGE_STANDARD = "gnu++0x";
				CLANG_CXX_LIBRARY = "libc++";
				CLANG_ENABLE_MODULES = YES;
				CLANG_ENABLE_OBJC_ARC = YES;
				CLANG_WARN_BOOL_CONVERSION = YES;
				CLANG_WARN_CONSTANT_CONVERSION = YES;
				CLANG_WARN_DIRECT_OBJC_ISA_USAGE = YES_ERROR;
				CLANG_WARN_EMPTY_BODY = YES;
				CLANG_WARN_ENUM_CONVERSION = YES;
				CLANG_WARN_INT_CONVERSION = YES;
				CLANG_WARN_OBJC_ROOT_CLASS = YES_ERROR;
				CLANG_WARN_UNREACHABLE_CODE = YES;
				CLANG_WARN__DUPLICATE_METHOD_MATCH = YES;
				"CODE_SIGN_IDENTITY[sdk=iphoneos*]" = "iPhone Developer";
				COPY_PHASE_STRIP = YES;
				ENABLE_NS_ASSERTIONS = NO;
				ENABLE_STRICT_OBJC_MSGSEND = YES;
				GCC_C_LANGUAGE_STANDARD = gnu99;
				GCC_WARN_64_TO_32_BIT_CONVERSION = YES;
				GCC_WARN_ABOUT_RETURN_TYPE = YES_ERROR;
				GCC_WARN_UNDECLARED_SELECTOR = YES;
				GCC_WARN_UNINITIALIZED_AUTOS = YES_AGGRESSIVE;
				GCC_WARN_UNUSED_FUNCTION = YES;
				GCC_WARN_UNUSED_VARIABLE = YES;
				IPHONEOS_DEPLOYMENT_TARGET = 8.0;
				MTL_ENABLE_DEBUG_INFO = NO;
				SDKROOT = iphoneos;
				TARGETED_DEVICE_FAMILY = "1,2";
				VALIDATE_PRODUCT = YES;
			};
			name = Release;
		};
		200EDC621992ABC100C32649 /* Debug */ = {
			isa = XCBuildConfiguration;
			buildSettings = {
				ASSETCATALOG_COMPILER_APPICON_NAME = AppIcon;
				ASSETCATALOG_COMPILER_LAUNCHIMAGE_NAME = LaunchImage;
				INFOPLIST_FILE = Octothorpe/Info.plist;
				LD_RUNPATH_SEARCH_PATHS = "$(inherited) @executable_path/Frameworks";
				PRODUCT_NAME = "$(TARGET_NAME)";
			};
			name = Debug;
		};
		200EDC631992ABC100C32649 /* Release */ = {
			isa = XCBuildConfiguration;
			buildSettings = {
				ASSETCATALOG_COMPILER_APPICON_NAME = AppIcon;
				ASSETCATALOG_COMPILER_LAUNCHIMAGE_NAME = LaunchImage;
				INFOPLIST_FILE = Octothorpe/Info.plist;
				LD_RUNPATH_SEARCH_PATHS = "$(inherited) @executable_path/Frameworks";
				PRODUCT_NAME = "$(TARGET_NAME)";
			};
			name = Release;
		};
		200EDC651992ABC100C32649 /* Debug */ = {
			isa = XCBuildConfiguration;
			buildSettings = {
				BUNDLE_LOADER = "$(TEST_HOST)";
				FRAMEWORK_SEARCH_PATHS = (
					"$(SDKROOT)/Developer/Library/Frameworks",
					"$(inherited)",
				);
				GCC_PREPROCESSOR_DEFINITIONS = (
					"DEBUG=1",
					"$(inherited)",
				);
				INFOPLIST_FILE = OctothorpeTests/Info.plist;
				LD_RUNPATH_SEARCH_PATHS = "$(inherited) @executable_path/Frameworks @loader_path/Frameworks";
				PRODUCT_NAME = "$(TARGET_NAME)";
				TEST_HOST = "$(BUILT_PRODUCTS_DIR)/Octothorpe.app/Octothorpe";
			};
			name = Debug;
		};
		200EDC661992ABC100C32649 /* Release */ = {
			isa = XCBuildConfiguration;
			buildSettings = {
				BUNDLE_LOADER = "$(TEST_HOST)";
				FRAMEWORK_SEARCH_PATHS = (
					"$(SDKROOT)/Developer/Library/Frameworks",
					"$(inherited)",
				);
				INFOPLIST_FILE = OctothorpeTests/Info.plist;
				LD_RUNPATH_SEARCH_PATHS = "$(inherited) @executable_path/Frameworks @loader_path/Frameworks";
				PRODUCT_NAME = "$(TARGET_NAME)";
				TEST_HOST = "$(BUILT_PRODUCTS_DIR)/Octothorpe.app/Octothorpe";
			};
			name = Release;
		};
/* End XCBuildConfiguration section */

/* Begin XCConfigurationList section */
		200EDC401992ABC100C32649 /* Build configuration list for PBXProject "Octothorpe" */ = {
			isa = XCConfigurationList;
			buildConfigurations = (
				200EDC5F1992ABC100C32649 /* Debug */,
				200EDC601992ABC100C32649 /* Release */,
			);
			defaultConfigurationIsVisible = 0;
			defaultConfigurationName = Release;
		};
		200EDC611992ABC100C32649 /* Build configuration list for PBXNativeTarget "Octothorpe" */ = {
			isa = XCConfigurationList;
			buildConfigurations = (
				200EDC621992ABC100C32649 /* Debug */,
				200EDC631992ABC100C32649 /* Release */,
			);
			defaultConfigurationIsVisible = 0;
		};
		200EDC641992ABC100C32649 /* Build configuration list for PBXNativeTarget "OctothorpeTests" */ = {
			isa = XCConfigurationList;
			buildConfigurations = (
				200EDC651992ABC100C32649 /* Debug */,
				200EDC661992ABC100C32649 /* Release */,
			);
			defaultConfigurationIsVisible = 0;
		};
/* End XCConfigurationList section */
	};
	rootObject = 200EDC3D1992ABC100C32649 /* Project object */;
}
